// !$*UTF8*$!
{
	archiveVersion = 1;
	classes = {
	};
	objectVersion = 50;
	objects = {

/* Begin PBXBuildFile section */
		BE1DCD01236B44C7000C62EE /* AppDelegate.swift in Sources */ = {isa = PBXBuildFile; fileRef = BE1DCD00236B44C7000C62EE /* AppDelegate.swift */; };
		BE1DCD03236B44C7000C62EE /* SceneDelegate.swift in Sources */ = {isa = PBXBuildFile; fileRef = BE1DCD02236B44C7000C62EE /* SceneDelegate.swift */; };
		BE1DCD05236B44C7000C62EE /* ViewController.swift in Sources */ = {isa = PBXBuildFile; fileRef = BE1DCD04236B44C7000C62EE /* ViewController.swift */; };
		BE1DCD08236B44C7000C62EE /* Main.storyboard in Resources */ = {isa = PBXBuildFile; fileRef = BE1DCD06236B44C7000C62EE /* Main.storyboard */; };
		BE1DCD0A236B44C8000C62EE /* Assets.xcassets in Resources */ = {isa = PBXBuildFile; fileRef = BE1DCD09236B44C8000C62EE /* Assets.xcassets */; };
		BE1DCD0D236B44C8000C62EE /* LaunchScreen.storyboard in Resources */ = {isa = PBXBuildFile; fileRef = BE1DCD0B236B44C8000C62EE /* LaunchScreen.storyboard */; };
		BE1DCD17236B4546000C62EE /* TableViewController.swift in Sources */ = {isa = PBXBuildFile; fileRef = BE1DCD16236B4546000C62EE /* TableViewController.swift */; };
/* End PBXBuildFile section */

/* Begin PBXFileReference section */
		BE1DCCFD236B44C7000C62EE /* JSON_Practice.app */ = {isa = PBXFileReference; explicitFileType = wrapper.application; includeInIndex = 0; path = JSON_Practice.app; sourceTree = BUILT_PRODUCTS_DIR; };
		BE1DCD00236B44C7000C62EE /* AppDelegate.swift */ = {isa = PBXFileReference; lastKnownFileType = sourcecode.swift; path = AppDelegate.swift; sourceTree = "<group>"; };
		BE1DCD02236B44C7000C62EE /* SceneDelegate.swift */ = {isa = PBXFileReference; lastKnownFileType = sourcecode.swift; path = SceneDelegate.swift; sourceTree = "<group>"; };
		BE1DCD04236B44C7000C62EE /* ViewController.swift */ = {isa = PBXFileReference; lastKnownFileType = sourcecode.swift; path = ViewController.swift; sourceTree = "<group>"; };
		BE1DCD07236B44C7000C62EE /* Base */ = {isa = PBXFileReference; lastKnownFileType = file.storyboard; name = Base; path = Base.lproj/Main.storyboard; sourceTree = "<group>"; };
		BE1DCD09236B44C8000C62EE /* Assets.xcassets */ = {isa = PBXFileReference; lastKnownFileType = folder.assetcatalog; path = Assets.xcassets; sourceTree = "<group>"; };
		BE1DCD0C236B44C8000C62EE /* Base */ = {isa = PBXFileReference; lastKnownFileType = file.storyboard; name = Base; path = Base.lproj/LaunchScreen.storyboard; sourceTree = "<group>"; };
		BE1DCD0E236B44C8000C62EE /* Info.plist */ = {isa = PBXFileReference; lastKnownFileType = text.plist.xml; path = Info.plist; sourceTree = "<group>"; };
		BE1DCD16236B4546000C62EE /* TableViewController.swift */ = {isa = PBXFileReference; lastKnownFileType = sourcecode.swift; path = TableViewController.swift; sourceTree = "<group>"; };
/* End PBXFileReference section */

/* Begin PBXFrameworksBuildPhase section */
		BE1DCCFA236B44C7000C62EE /* Frameworks */ = {
			isa = PBXFrameworksBuildPhase;
			buildActionMask = 2147483647;
			files = (
			);
			runOnlyForDeploymentPostprocessing = 0;
		};
/* End PBXFrameworksBuildPhase section */

/* Begin PBXGroup section */
		BE1DCCF4236B44C7000C62EE = {
			isa = PBXGroup;
			children = (
				BE1DCCFF236B44C7000C62EE /* JSON_Practice */,
				BE1DCCFE236B44C7000C62EE /* Products */,
			);
			sourceTree = "<group>";
		};
		BE1DCCFE236B44C7000C62EE /* Products */ = {
			isa = PBXGroup;
			children = (
				BE1DCCFD236B44C7000C62EE /* JSON_Practice.app */,
			);
			name = Products;
			sourceTree = "<group>";
		};
		BE1DCCFF236B44C7000C62EE /* JSON_Practice */ = {
			isa = PBXGroup;
			children = (
				BE1DCD00236B44C7000C62EE /* AppDelegate.swift */,
				BE1DCD02236B44C7000C62EE /* SceneDelegate.swift */,
				BE1DCD04236B44C7000C62EE /* ViewController.swift */,
				BE1DCD16236B4546000C62EE /* TableViewController.swift */,
				BE1DCD06236B44C7000C62EE /* Main.storyboard */,
				BE1DCD09236B44C8000C62EE /* Assets.xcassets */,
				BE1DCD0B236B44C8000C62EE /* LaunchScreen.storyboard */,
				BE1DCD0E236B44C8000C62EE /* Info.plist */,
			);
			path = JSON_Practice;
			sourceTree = "<group>";
		};
/* End PBXGroup section */

/* Begin PBXNativeTarget section */
		BE1DCCFC236B44C7000C62EE /* JSON_Practice */ = {
			isa = PBXNativeTarget;
			buildConfigurationList = BE1DCD11236B44C8000C62EE /* Build configuration list for PBXNativeTarget "JSON_Practice" */;
			buildPhases = (
				BE1DCCF9236B44C7000C62EE /* Sources */,
				BE1DCCFA236B44C7000C62EE /* Frameworks */,
				BE1DCCFB236B44C7000C62EE /* Resources */,
			);
			buildRules = (
			);
			dependencies = (
			);
			name = JSON_Practice;
			productName = JSON_Practice;
			productReference = BE1DCCFD236B44C7000C62EE /* JSON_Practice.app */;
			productType = "com.apple.product-type.application";
		};
/* End PBXNativeTarget section */

/* Begin PBXProject section */
		BE1DCCF5236B44C7000C62EE /* Project object */ = {
			isa = PBXProject;
			attributes = {
				LastSwiftUpdateCheck = 1110;
				LastUpgradeCheck = 1110;
				ORGANIZATIONNAME = "Duke University";
				TargetAttributes = {
					BE1DCCFC236B44C7000C62EE = {
						CreatedOnToolsVersion = 11.1;
					};
				};
			};
			buildConfigurationList = BE1DCCF8236B44C7000C62EE /* Build configuration list for PBXProject "JSON_Practice" */;
			compatibilityVersion = "Xcode 9.3";
			developmentRegion = en;
			hasScannedForEncodings = 0;
			knownRegions = (
				en,
				Base,
			);
			mainGroup = BE1DCCF4236B44C7000C62EE;
			productRefGroup = BE1DCCFE236B44C7000C62EE /* Products */;
			projectDirPath = "";
			projectRoot = "";
			targets = (
				BE1DCCFC236B44C7000C62EE /* JSON_Practice */,
			);
		};
/* End PBXProject section */

/* Begin PBXResourcesBuildPhase section */
		BE1DCCFB236B44C7000C62EE /* Resources */ = {
			isa = PBXResourcesBuildPhase;
			buildActionMask = 2147483647;
			files = (
				BE1DCD0D236B44C8000C62EE /* LaunchScreen.storyboard in Resources */,
				BE1DCD0A236B44C8000C62EE /* Assets.xcassets in Resources */,
				BE1DCD08236B44C7000C62EE /* Main.storyboard in Resources */,
			);
			runOnlyForDeploymentPostprocessing = 0;
		};
/* End PBXResourcesBuildPhase section */

/* Begin PBXSourcesBuildPhase section */
		BE1DCCF9236B44C7000C62EE /* Sources */ = {
			isa = PBXSourcesBuildPhase;
			buildActionMask = 2147483647;
			files = (
				BE1DCD05236B44C7000C62EE /* ViewController.swift in Sources */,
				BE1DCD01236B44C7000C62EE /* AppDelegate.swift in Sources */,
				BE1DCD03236B44C7000C62EE /* SceneDelegate.swift in Sources */,
				BE1DCD17236B4546000C62EE /* TableViewController.swift in Sources */,
			);
			runOnlyForDeploymentPostprocessing = 0;
		};
/* End PBXSourcesBuildPhase section */

/* Begin PBXVariantGroup section */
		BE1DCD06236B44C7000C62EE /* Main.storyboard */ = {
			isa = PBXVariantGroup;
			children = (
				BE1DCD07236B44C7000C62EE /* Base */,
			);
			name = Main.storyboard;
			sourceTree = "<group>";
		};
		BE1DCD0B236B44C8000C62EE /* LaunchScreen.storyboard */ = {
			isa = PBXVariantGroup;
			children = (
				BE1DCD0C236B44C8000C62EE /* Base */,
			);
			name = LaunchScreen.storyboard;
			sourceTree = "<group>";
		};
/* End PBXVariantGroup section */

/* Begin XCBuildConfiguration section */
		BE1DCD0F236B44C8000C62EE /* Debug */ = {
			isa = XCBuildConfiguration;
			buildSettings = {
				ALWAYS_SEARCH_USER_PATHS = NO;
				CLANG_ANALYZER_NONNULL = YES;
				CLANG_ANALYZER_NUMBER_OBJECT_CONVERSION = YES_AGGRESSIVE;
				CLANG_CXX_LANGUAGE_STANDARD = "gnu++14";
				CLANG_CXX_LIBRARY = "libc++";
				CLANG_ENABLE_MODULES = YES;
				CLANG_ENABLE_OBJC_ARC = YES;
				CLANG_ENABLE_OBJC_WEAK = YES;
				CLANG_WARN_BLOCK_CAPTURE_AUTORELEASING = YES;
				CLANG_WARN_BOOL_CONVERSION = YES;
				CLANG_WARN_COMMA = YES;
				CLANG_WARN_CONSTANT_CONVERSION = YES;
				CLANG_WARN_DEPRECATED_OBJC_IMPLEMENTATIONS = YES;
				CLANG_WARN_DIRECT_OBJC_ISA_USAGE = YES_ERROR;
				CLANG_WARN_DOCUMENTATION_COMMENTS = YES;
				CLANG_WARN_EMPTY_BODY = YES;
				CLANG_WARN_ENUM_CONVERSION = YES;
				CLANG_WARN_INFINITE_RECURSION = YES;
				CLANG_WARN_INT_CONVERSION = YES;
				CLANG_WARN_NON_LITERAL_NULL_CONVERSION = YES;
				CLANG_WARN_OBJC_IMPLICIT_RETAIN_SELF = YES;
				CLANG_WARN_OBJC_LITERAL_CONVERSION = YES;
				CLANG_WARN_OBJC_ROOT_CLASS = YES_ERROR;
				CLANG_WARN_RANGE_LOOP_ANALYSIS = YES;
				CLANG_WARN_STRICT_PROTOTYPES = YES;
				CLANG_WARN_SUSPICIOUS_MOVE = YES;
				CLANG_WARN_UNGUARDED_AVAILABILITY = YES_AGGRESSIVE;
				CLANG_WARN_UNREACHABLE_CODE = YES;
				CLANG_WARN__DUPLICATE_METHOD_MATCH = YES;
				COPY_PHASE_STRIP = NO;
				DEBUG_INFORMATION_FORMAT = dwarf;
				ENABLE_STRICT_OBJC_MSGSEND = YES;
				ENABLE_TESTABILITY = YES;
				GCC_C_LANGUAGE_STANDARD = gnu11;
				GCC_DYNAMIC_NO_PIC = NO;
				GCC_NO_COMMON_BLOCKS = YES;
				GCC_OPTIMIZATION_LEVEL = 0;
				GCC_PREPROCESSOR_DEFINITIONS = (
					"DEBUG=1",
					"$(inherited)",
				);
				GCC_WARN_64_TO_32_BIT_CONVERSION = YES;
				GCC_WARN_ABOUT_RETURN_TYPE = YES_ERROR;
				GCC_WARN_UNDECLARED_SELECTOR = YES;
				GCC_WARN_UNINITIALIZED_AUTOS = YES_AGGRESSIVE;
				GCC_WARN_UNUSED_FUNCTION = YES;
				GCC_WARN_UNUSED_VARIABLE = YES;
				IPHONEOS_DEPLOYMENT_TARGET = 13.1;
				MTL_ENABLE_DEBUG_INFO = INCLUDE_SOURCE;
				MTL_FAST_MATH = YES;
				ONLY_ACTIVE_ARCH = YES;
				SDKROOT = iphoneos;
				SWIFT_ACTIVE_COMPILATION_CONDITIONS = DEBUG;
				SWIFT_OPTIMIZATION_LEVEL = "-Onone";
			};
			name = Debug;
		};
		BE1DCD10236B44C8000C62EE /* Release */ = {
			isa = XCBuildConfiguration;
			buildSettings = {
				ALWAYS_SEARCH_USER_PATHS = NO;
				CLANG_ANALYZER_NONNULL = YES;
				CLANG_ANALYZER_NUMBER_OBJECT_CONVERSION = YES_AGGRESSIVE;
				CLANG_CXX_LANGUAGE_STANDARD = "gnu++14";
				CLANG_CXX_LIBRARY = "libc++";
				CLANG_ENABLE_MODULES = YES;
				CLANG_ENABLE_OBJC_ARC = YES;
				CLANG_ENABLE_OBJC_WEAK = YES;
				CLANG_WARN_BLOCK_CAPTURE_AUTORELEASING = YES;
				CLANG_WARN_BOOL_CONVERSION = YES;
				CLANG_WARN_COMMA = YES;
				CLANG_WARN_CONSTANT_CONVERSION = YES;
				CLANG_WARN_DEPRECATED_OBJC_IMPLEMENTATIONS = YES;
				CLANG_WARN_DIRECT_OBJC_ISA_USAGE = YES_ERROR;
				CLANG_WARN_DOCUMENTATION_COMMENTS = YES;
				CLANG_WARN_EMPTY_BODY = YES;
				CLANG_WARN_ENUM_CONVERSION = YES;
				CLANG_WARN_INFINITE_RECURSION = YES;
				CLANG_WARN_INT_CONVERSION = YES;
				CLANG_WARN_NON_LITERAL_NULL_CONVERSION = YES;
				CLANG_WARN_OBJC_IMPLICIT_RETAIN_SELF = YES;
				CLANG_WARN_OBJC_LITERAL_CONVERSION = YES;
				CLANG_WARN_OBJC_ROOT_CLASS = YES_ERROR;
				CLANG_WARN_RANGE_LOOP_ANALYSIS = YES;
				CLANG_WARN_STRICT_PROTOTYPES = YES;
				CLANG_WARN_SUSPICIOUS_MOVE = YES;
				CLANG_WARN_UNGUARDED_AVAILABILITY = YES_AGGRESSIVE;
				CLANG_WARN_UNREACHABLE_CODE = YES;
				CLANG_WARN__DUPLICATE_METHOD_MATCH = YES;
				COPY_PHASE_STRIP = NO;
				DEBUG_INFORMATION_FORMAT = "dwarf-with-dsym";
				ENABLE_NS_ASSERTIONS = NO;
				ENABLE_STRICT_OBJC_MSGSEND = YES;
				GCC_C_LANGUAGE_STANDARD = gnu11;
				GCC_NO_COMMON_BLOCKS = YES;
				GCC_WARN_64_TO_32_BIT_CONVERSION = YES;
				GCC_WARN_ABOUT_RETURN_TYPE = YES_ERROR;
				GCC_WARN_UNDECLARED_SELECTOR = YES;
				GCC_WARN_UNINITIALIZED_AUTOS = YES_AGGRESSIVE;
				GCC_WARN_UNUSED_FUNCTION = YES;
				GCC_WARN_UNUSED_VARIABLE = YES;
				IPHONEOS_DEPLOYMENT_TARGET = 13.1;
				MTL_ENABLE_DEBUG_INFO = NO;
				MTL_FAST_MATH = YES;
				SDKROOT = iphoneos;
				SWIFT_COMPILATION_MODE = wholemodule;
				SWIFT_OPTIMIZATION_LEVEL = "-O";
				VALIDATE_PRODUCT = YES;
			};
			name = Release;
		};
		BE1DCD12236B44C8000C62EE /* Debug */ = {
			isa = XCBuildConfiguration;
			buildSettings = {
				ASSETCATALOG_COMPILER_APPICON_NAME = AppIcon;
				CODE_SIGN_STYLE = Automatic;
				INFOPLIST_FILE = JSON_Practice/Info.plist;
				LD_RUNPATH_SEARCH_PATHS = (
					"$(inherited)",
					"@executable_path/Frameworks",
				);
				PRODUCT_BUNDLE_IDENTIFIER = "edu.duke.ece564.JSON-Practice";
				PRODUCT_NAME = "$(TARGET_NAME)";
				SWIFT_VERSION = 5.0;
				TARGETED_DEVICE_FAMILY = "1,2";
			};
			name = Debug;
		};
		BE1DCD13236B44C8000C62EE /* Release */ = {
			isa = XCBuildConfiguration;
			buildSettings = {
				ASSETCATALOG_COMPILER_APPICON_NAME = AppIcon;
				CODE_SIGN_STYLE = Automatic;
				INFOPLIST_FILE = JSON_Practice/Info.plist;
				LD_RUNPATH_SEARCH_PATHS = (
					"$(inherited)",
					"@executable_path/Frameworks",
				);
				PRODUCT_BUNDLE_IDENTIFIER = "edu.duke.ece564.JSON-Practice";
				PRODUCT_NAME = "$(TARGET_NAME)";
				SWIFT_VERSION = 5.0;
				TARGETED_DEVICE_FAMILY = "1,2";
			};
			name = Release;
		};
/* End XCBuildConfiguration section */

/* Begin XCConfigurationList section */
		BE1DCCF8236B44C7000C62EE /* Build configuration list for PBXProject "JSON_Practice" */ = {
			isa = XCConfigurationList;
			buildConfigurations = (
				BE1DCD0F236B44C8000C62EE /* Debug */,
				BE1DCD10236B44C8000C62EE /* Release */,
			);
			defaultConfigurationIsVisible = 0;
			defaultConfigurationName = Release;
		};
		BE1DCD11236B44C8000C62EE /* Build configuration list for PBXNativeTarget "JSON_Practice" */ = {
			isa = XCConfigurationList;
			buildConfigurations = (
				BE1DCD12236B44C8000C62EE /* Debug */,
				BE1DCD13236B44C8000C62EE /* Release */,
			);
			defaultConfigurationIsVisible = 0;
			defaultConfigurationName = Release;
		};
/* End XCConfigurationList section */
	};
	rootObject = BE1DCCF5236B44C7000C62EE /* Project object */;
}
